<?xml version="1.0" encoding="utf-8"?>
<Project ToolsVersion="4.0" xmlns="http://schemas.microsoft.com/developer/msbuild/2003">
  <ItemGroup>
    <Filter Include="Source Files">
      <UniqueIdentifier>{4FC737F1-C7A5-4376-A066-2A32D752A2FF}</UniqueIdentifier>
      <Extensions>cpp;c;cc;cxx;def;odl;idl;hpj;bat;asm;asmx</Extensions>
    </Filter>
    <Filter Include="Header Files">
      <UniqueIdentifier>{93995380-89BD-4b04-88EB-625FBE52EBFB}</UniqueIdentifier>
      <Extensions>h;hh;hpp;hxx;hm;inl;inc;xsd</Extensions>
    </Filter>
    <Filter Include="Resource Files">
      <UniqueIdentifier>{67DA6AB6-F800-4c08-8B7A-83BB121AAD01}</UniqueIdentifier>
      <Extensions>rc;ico;cur;bmp;dlg;rc2;rct;bin;rgs;gif;jpg;jpeg;jpe;resx;tiff;tif;png;wav;mfcribbon-ms</Extensions>
    </Filter>
    <Filter Include="Header Files\Asio">
      <UniqueIdentifier>{010f6261-7e41-4e87-9a83-cd08c8ee9125}</UniqueIdentifier>
    </Filter>
    <Filter Include="Header Files\CsvGrid">
      <UniqueIdentifier>{2859069d-abbe-4d42-b532-7d39a0ae954d}</UniqueIdentifier>
    </Filter>
    <Filter Include="Header Files\DebugLog">
      <UniqueIdentifier>{3c0f7039-3472-4866-bbdb-42ce73369d2e}</UniqueIdentifier>
    </Filter>
    <Filter Include="Header Files\Exceptions">
      <UniqueIdentifier>{bed39e85-ebd2-4d19-9bfe-785686e0758f}</UniqueIdentifier>
    </Filter>
    <Filter Include="Header Files\IniFile">
      <UniqueIdentifier>{f5d4c4ac-330b-4612-acaf-02a16a593905}</UniqueIdentifier>
    </Filter>
    <Filter Include="Header Files\Platform">
      <UniqueIdentifier>{f153f906-1bbb-4541-8e87-4cafc0240373}</UniqueIdentifier>
    </Filter>
    <Filter Include="Header Files\Serialization">
      <UniqueIdentifier>{52257f07-0680-4898-b94a-710a6f39fa25}</UniqueIdentifier>
    </Filter>
    <Filter Include="Header Files\Sorting">
      <UniqueIdentifier>{f71b3809-2dd4-4c34-9b24-e7a33cb203bb}</UniqueIdentifier>
    </Filter>
    <Filter Include="Header Files\StringUtils">
      <UniqueIdentifier>{adad6e8a-f1e9-4f7f-b7ca-ce43a7547bd8}</UniqueIdentifier>
    </Filter>
    <Filter Include="Header Files\Threads">
      <UniqueIdentifier>{f468b235-80e4-4654-acf8-ec455b01175c}</UniqueIdentifier>
    </Filter>
    <Filter Include="Source Files\Asio">
      <UniqueIdentifier>{aa0238d7-f8c9-4439-883b-792809b359ec}</UniqueIdentifier>
    </Filter>
    <Filter Include="Source Files\CsvGrid">
      <UniqueIdentifier>{27360641-df33-4dd8-b9a4-ebdaf10467ae}</UniqueIdentifier>
    </Filter>
    <Filter Include="Source Files\DebugLog">
      <UniqueIdentifier>{a00b65f1-81fd-400f-8e79-87b03f3b79b3}</UniqueIdentifier>
    </Filter>
    <Filter Include="Source Files\Exceptions">
      <UniqueIdentifier>{6eb1edd3-37a9-429e-8ffa-e905d28df201}</UniqueIdentifier>
    </Filter>
    <Filter Include="Source Files\IniFile">
      <UniqueIdentifier>{fb3ca9dd-a9c8-470d-9792-49269d9f8df3}</UniqueIdentifier>
    </Filter>
    <Filter Include="Source Files\Sorting">
      <UniqueIdentifier>{06b6e438-d535-4b37-aa82-f1c878007734}</UniqueIdentifier>
    </Filter>
    <Filter Include="Source Files\StringUtils">
      <UniqueIdentifier>{52acc70d-fefd-45ea-bfa2-6c551c5b41fd}</UniqueIdentifier>
    </Filter>
    <Filter Include="Source Files\Threads">
      <UniqueIdentifier>{7a6f1242-bb32-4cdb-8e5c-0c2b4bcedf45}</UniqueIdentifier>
    </Filter>
  </ItemGroup>
  <ItemGroup>
    <Text Include="ReadMe.txt" />
  </ItemGroup>
  <ItemGroup>
    <ClInclude Include="..\Include\Asio\AsioDefines.h">
      <Filter>Header Files\Asio</Filter>
    </ClInclude>
    <ClInclude Include="..\Include\Asio\IoServiceThreadGroup.h">
      <Filter>Header Files\Asio</Filter>
    </ClInclude>
    <ClInclude Include="..\Include\Asio\MessageUtils.h">
      <Filter>Header Files\Asio</Filter>
    </ClInclude>
    <ClInclude Include="..\Include\Asio\SimpleTcpClient.h">
      <Filter>Header Files\Asio</Filter>
    </ClInclude>
    <ClInclude Include="..\Include\Asio\SimpleTcpServer.h">
      <Filter>Header Files\Asio</Filter>
    </ClInclude>
    <ClInclude Include="..\Include\Asio\SimpleUdpReceiver.h">
      <Filter>Header Files\Asio</Filter>
    </ClInclude>
    <ClInclude Include="..\Include\Asio\SimpleUdpSender.h">
      <Filter>Header Files\Asio</Filter>
    </ClInclude>
    <ClInclude Include="..\Include\Asio\TcpClient.h">
      <Filter>Header Files\Asio</Filter>
    </ClInclude>
    <ClInclude Include="..\Include\Asio\TcpConnection.h">
      <Filter>Header Files\Asio</Filter>
    </ClInclude>
    <ClInclude Include="..\Include\Asio\TcpConnections.h">
      <Filter>Header Files\Asio</Filter>
    </ClInclude>
    <ClInclude Include="..\Include\Asio\TcpServer.h">
      <Filter>Header Files\Asio</Filter>
    </ClInclude>
    <ClInclude Include="..\Include\Asio\TcpTypedClient.h">
      <Filter>Header Files\Asio</Filter>
    </ClInclude>
    <ClInclude Include="..\Include\Asio\TcpTypedServer.h">
      <Filter>Header Files\Asio</Filter>
    </ClInclude>
    <ClInclude Include="..\Include\Asio\UdpReceiver.h">
      <Filter>Header Files\Asio</Filter>
    </ClInclude>
    <ClInclude Include="..\Include\Asio\UdpSender.h">
      <Filter>Header Files\Asio</Filter>
    </ClInclude>
    <ClInclude Include="..\Include\Asio\UdpTypedSender.h">
      <Filter>Header Files\Asio</Filter>
    </ClInclude>
    <ClInclude Include="..\Include\CsvGrid\CsvGrid.h">
      <Filter>Header Files\CsvGrid</Filter>
    </ClInclude>
    <ClInclude Include="..\Include\CsvGrid\CsvGridCell.h">
      <Filter>Header Files\CsvGrid</Filter>
    </ClInclude>
    <ClInclude Include="..\Include\CsvGrid\CsvGridMain.h">
      <Filter>Header Files\CsvGrid</Filter>
    </ClInclude>
    <ClInclude Include="..\Include\CsvGrid\CsvGridRow.h">
      <Filter>Header Files\CsvGrid</Filter>
    </ClInclude>
    <ClInclude Include="..\Include\DebugLog\DebugLog.h">
      <Filter>Header Files\DebugLog</Filter>
    </ClInclude>
    <ClInclude Include="..\Include\DebugLog\DebugLogging.h">
      <Filter>Header Files\DebugLog</Filter>
    </ClInclude>
    <ClInclude Include="..\Include\DebugLog\DebugLogSingleton.h">
      <Filter>Header Files\DebugLog</Filter>
    </ClInclude>
    <ClInclude Include="..\Include\Exceptions\CustomException.h">
      <Filter>Header Files\Exceptions</Filter>
    </ClInclude>
    <ClInclude Include="..\Include\IniFile\IniFile.h">
      <Filter>Header Files\IniFile</Filter>
    </ClInclude>
    <ClInclude Include="..\Include\IniFile\IniFileLines.h">
      <Filter>Header Files\IniFile</Filter>
    </ClInclude>
    <ClInclude Include="..\Include\IniFile\IniFileSectionDetails.h">
      <Filter>Header Files\IniFile</Filter>
    </ClInclude>
    <ClInclude Include="..\Include\Platform\PlatformDefines.h">
      <Filter>Header Files\Platform</Filter>
    </ClInclude>
    <ClInclude Include="..\Include\Serialization\SerializationIncludes.h">
      <Filter>Header Files\Serialization</Filter>
    </ClInclude>
    <ClInclude Include="..\Include\Serialization\SerializeToVector.h">
      <Filter>Header Files\Serialization</Filter>
    </ClInclude>
    <ClInclude Include="..\Include\Sorting\GenericSorting.h">
      <Filter>Header Files\Sorting</Filter>
    </ClInclude>
    <ClInclude Include="..\Include\StringUtils\StringUtils.h">
      <Filter>Header Files\StringUtils</Filter>
    </ClInclude>
    <ClInclude Include="..\Include\Threads\BoundedBuffer.h">
      <Filter>Header Files\Threads</Filter>
    </ClInclude>
    <ClInclude Include="..\Include\Threads\ConcurrentQueue.h">
      <Filter>Header Files\Threads</Filter>
    </ClInclude>
    <ClInclude Include="..\Include\Threads\JoinThreads.h">
      <Filter>Header Files\Threads</Filter>
    </ClInclude>
    <ClInclude Include="..\Include\Threads\MessageQueueThread.h">
      <Filter>Header Files\Threads</Filter>
    </ClInclude>
    <ClInclude Include="..\Include\Threads\SyncEvent.h">
      <Filter>Header Files\Threads</Filter>
    </ClInclude>
    <ClInclude Include="..\Include\Threads\ThreadBase.h">
      <Filter>Header Files\Threads</Filter>
    </ClInclude>
    <ClInclude Include="..\Include\Threads\ThreadGroup.h">
      <Filter>Header Files\Threads</Filter>
    </ClInclude>
  </ItemGroup>
  <ItemGroup>
    <ClCompile Include="..\Source\Asio\IoServiceThreadGroup.cpp">
      <Filter>Source Files\Asio</Filter>
    </ClCompile>
    <ClCompile Include="..\Source\Asio\MessageUtils.cpp">
      <Filter>Source Files\Asio</Filter>
    </ClCompile>
    <ClCompile Include="..\Source\Asio\SimpleTcpClient.cpp">
      <Filter>Source Files\Asio</Filter>
    </ClCompile>
    <ClCompile Include="..\Source\Asio\SimpleTcpServer.cpp">
      <Filter>Source Files\Asio</Filter>
    </ClCompile>
    <ClCompile Include="..\Source\Asio\SimpleUdpReceiver.cpp">
      <Filter>Source Files\Asio</Filter>
    </ClCompile>
    <ClCompile Include="..\Source\Asio\SimpleUdpSender.cpp">
      <Filter>Source Files\Asio</Filter>
    </ClCompile>
    <ClCompile Include="..\Source\Asio\TcpClient.cpp">
      <Filter>Source Files\Asio</Filter>
    </ClCompile>
    <ClCompile Include="..\Source\Asio\TcpConnection.cpp">
      <Filter>Source Files\Asio</Filter>
    </ClCompile>
    <ClCompile Include="..\Source\Asio\TcpConnections.cpp">
      <Filter>Source Files\Asio</Filter>
    </ClCompile>
    <ClCompile Include="..\Source\Asio\TcpServer.cpp">
      <Filter>Source Files\Asio</Filter>
    </ClCompile>
    <ClCompile Include="..\Source\Asio\UdpReceiver.cpp">
      <Filter>Source Files\Asio</Filter>
    </ClCompile>
    <ClCompile Include="..\Source\Asio\UdpSender.cpp">
      <Filter>Source Files\Asio</Filter>
    </ClCompile>
    <ClCompile Include="..\Source\CsvGrid\CsvGridCell.cpp">
      <Filter>Source Files\CsvGrid</Filter>
    </ClCompile>
    <ClCompile Include="..\Source\CsvGrid\CsvGridMain.cpp">
      <Filter>Source Files\CsvGrid</Filter>
    </ClCompile>
    <ClCompile Include="..\Source\CsvGrid\CsvGridRow.cpp">
      <Filter>Source Files\CsvGrid</Filter>
    </ClCompile>
    <ClCompile Include="..\Source\DebugLog\DebugLog.cpp">
      <Filter>Source Files\DebugLog</Filter>
    </ClCompile>
    <ClCompile Include="..\Source\Exceptions\CustomException.cpp">
      <Filter>Source Files\Exceptions</Filter>
    </ClCompile>
    <ClCompile Include="..\Source\IniFile\IniFile.cpp">
      <Filter>Source Files\IniFile</Filter>
    </ClCompile>
    <ClCompile Include="..\Source\IniFile\IniFileLines.cpp">
      <Filter>Source Files\IniFile</Filter>
    </ClCompile>
    <ClCompile Include="..\Source\IniFile\IniFileSectionDetails.cpp">
      <Filter>Source Files\IniFile</Filter>
    </ClCompile>
    <ClCompile Include="..\Source\Sorting\GenericSorting.cpp">
      <Filter>Source Files\Sorting</Filter>
    </ClCompile>
    <ClCompile Include="..\Source\StringUtils\StringUtils.cpp">
      <Filter>Source Files\StringUtils</Filter>
    </ClCompile>
    <ClCompile Include="..\Source\Threads\ConcurrentQueue.cpp">
      <Filter>Source Files\Threads</Filter>
    </ClCompile>
    <ClCompile Include="..\Source\Threads\MessageQueueThread.cpp">
      <Filter>Source Files\Threads</Filter>
    </ClCompile>
    <ClCompile Include="..\Source\Threads\SyncEvent.cpp">
      <Filter>Source Files\Threads</Filter>
    </ClCompile>
    <ClCompile Include="..\Source\Threads\ThreadBase.cpp">
      <Filter>Source Files\Threads</Filter>
    </ClCompile>
    <ClCompile Include="..\Source\Threads\ThreadGroup.cpp">
      <Filter>Source Files\Threads</Filter>
    </ClCompile>
  </ItemGroup>
</Project>